
Microsoft Visual Studio Solution File, Format Version 12.00
# Visual Studio Version 17
VisualStudioVersion = 17.9.34714.143
MinimumVisualStudioVersion = 10.0.40219.1
Project("{FAE04EC0-301F-11D3-BF4B-00C04F79EFBC}") = "MP3Player", "MP3Player\MP3Player.csproj", "{5AF8CD47-3AF4-4C10-9B49-7D252EF90226}"
EndProject
Global
	GlobalSection(SolutionConfigurationPlatforms) = preSolution
		Debug|Any CPU = Debug|Any CPU
		Release|Any CPU = Release|Any CPU
	EndGlobalSection
	GlobalSection(ProjectConfigurationPlatforms) = postSolution
		{5AF8CD47-3AF4-4C10-9B49-7D252EF90226}.Debug|Any CPU.ActiveCfg = Debug|Any CPU
		{5AF8CD47-3AF4-4C10-9B49-7D252EF90226}.Debug|Any CPU.Build.0 = Debug|Any CPU
		{5AF8CD47-3AF4-4C10-9B49-7D252EF90226}.Release|Any CPU.ActiveCfg = Release|Any CPU
		{5AF8CD47-3AF4-4C10-9B49-7D252EF90226}.Release|Any CPU.Build.0 = Release|Any CPU
	EndGlobalSection
	GlobalSection(SolutionProperties) = preSolution
		HideSolutionNode = FALSE
	EndGlobalSection
	GlobalSection(ExtensibilityGlobals) = postSolution
		SolutionGuid = {7785475A-7DA5-49FF-BDC9-273989C5A384}
	EndGlobalSection
EndGlobal
